// !$*UTF8*$!
{
	archiveVersion = 1;
	classes = {
	};
	objectVersion = 55;
	objects = {

/* Begin PBXBuildFile section */
		0F5751DC465ABA3D0BC20007 /* Pods_BallDontLie.framework in Frameworks */ = {isa = PBXBuildFile; fileRef = 9F5D6AC81243641FB97344AA /* Pods_BallDontLie.framework */; };
		1DCC6F4038A1791C6F6DD67C /* Pods_BallDontLie_BallDontLieUITests.framework in Frameworks */ = {isa = PBXBuildFile; fileRef = 8C12FBEFB3F38CB77BB1A2AE /* Pods_BallDontLie_BallDontLieUITests.framework */; };
		7E84B6F82328038D889E3E82 /* Pods_BallDontLieTests.framework in Frameworks */ = {isa = PBXBuildFile; fileRef = FC669D365D41C9F869839C92 /* Pods_BallDontLieTests.framework */; };
		C009AE1F27C84409001C3F7B /* GamesViewController.swift in Sources */ = {isa = PBXBuildFile; fileRef = C009AE1E27C84409001C3F7B /* GamesViewController.swift */; };
		C009AE2127C8441A001C3F7B /* GamesViewModel.swift in Sources */ = {isa = PBXBuildFile; fileRef = C009AE2027C8441A001C3F7B /* GamesViewModel.swift */; };
		C009AE2327C84433001C3F7B /* TeamsViewModel.swift in Sources */ = {isa = PBXBuildFile; fileRef = C009AE2227C84433001C3F7B /* TeamsViewModel.swift */; };
		C009AE2527C84A6F001C3F7B /* JsonTest.json in Resources */ = {isa = PBXBuildFile; fileRef = C009AE2427C84A6F001C3F7B /* JsonTest.json */; };
		C009AE2727C84FF7001C3F7B /* Data.swift in Sources */ = {isa = PBXBuildFile; fileRef = C009AE2627C84FF7001C3F7B /* Data.swift */; };
		C009AE2927C85004001C3F7B /* Teams.swift in Sources */ = {isa = PBXBuildFile; fileRef = C009AE2827C85004001C3F7B /* Teams.swift */; };
		C009AE2B27C85010001C3F7B /* Games.swift in Sources */ = {isa = PBXBuildFile; fileRef = C009AE2A27C85010001C3F7B /* Games.swift */; };
		C009AE2D27C85048001C3F7B /* Constants.swift in Sources */ = {isa = PBXBuildFile; fileRef = C009AE2C27C85048001C3F7B /* Constants.swift */; };
		C009AE2F27C85C23001C3F7B /* TeamViewController.swift in Sources */ = {isa = PBXBuildFile; fileRef = C009AE2E27C85C23001C3F7B /* TeamViewController.swift */; };
		C009AE3127C86544001C3F7B /* Meta.swift in Sources */ = {isa = PBXBuildFile; fileRef = C009AE3027C86544001C3F7B /* Meta.swift */; };
		C009AE3527CBA3C1001C3F7B /* PlayerTableViewCell.swift in Sources */ = {isa = PBXBuildFile; fileRef = C009AE3327CBA3C1001C3F7B /* PlayerTableViewCell.swift */; };
		C009AE3627CBA3C1001C3F7B /* PlayerTableViewCell.xib in Resources */ = {isa = PBXBuildFile; fileRef = C009AE3427CBA3C1001C3F7B /* PlayerTableViewCell.xib */; };
		C009AE3827CBFC85001C3F7B /* ServiceManager.swift in Sources */ = {isa = PBXBuildFile; fileRef = C009AE3727CBFC85001C3F7B /* ServiceManager.swift */; };
		C03055DB27D03C8A001129B7 /* GamesTableViewCell.swift in Sources */ = {isa = PBXBuildFile; fileRef = C03055D927D03C8A001129B7 /* GamesTableViewCell.swift */; };
		C03055DC27D03C8A001129B7 /* GamesTableViewCell.xib in Resources */ = {isa = PBXBuildFile; fileRef = C03055DA27D03C8A001129B7 /* GamesTableViewCell.xib */; };
		C03055DF27D03CA8001129B7 /* TeamsTableViewCell.swift in Sources */ = {isa = PBXBuildFile; fileRef = C03055DD27D03CA8001129B7 /* TeamsTableViewCell.swift */; };
		C03055E027D03CA8001129B7 /* TeamsTableViewCell.xib in Resources */ = {isa = PBXBuildFile; fileRef = C03055DE27D03CA8001129B7 /* TeamsTableViewCell.xib */; };
		C03055E227D0EBC9001129B7 /* NewtworkMonitor.swift in Sources */ = {isa = PBXBuildFile; fileRef = C03055E127D0EBC9001129B7 /* NewtworkMonitor.swift */; };
		C037D72D27C68149005D0312 /* AppDelegate.swift in Sources */ = {isa = PBXBuildFile; fileRef = C037D72C27C68149005D0312 /* AppDelegate.swift */; };
		C037D72F27C68149005D0312 /* SceneDelegate.swift in Sources */ = {isa = PBXBuildFile; fileRef = C037D72E27C68149005D0312 /* SceneDelegate.swift */; };
		C037D73127C68149005D0312 /* PlayersViewController.swift in Sources */ = {isa = PBXBuildFile; fileRef = C037D73027C68149005D0312 /* PlayersViewController.swift */; };
		C037D73427C68149005D0312 /* Main.storyboard in Resources */ = {isa = PBXBuildFile; fileRef = C037D73227C68149005D0312 /* Main.storyboard */; };
		C037D73627C6814C005D0312 /* Assets.xcassets in Resources */ = {isa = PBXBuildFile; fileRef = C037D73527C6814C005D0312 /* Assets.xcassets */; };
		C037D73927C6814C005D0312 /* LaunchScreen.storyboard in Resources */ = {isa = PBXBuildFile; fileRef = C037D73727C6814C005D0312 /* LaunchScreen.storyboard */; };
		C037D74427C6814D005D0312 /* BallDontLieTests.swift in Sources */ = {isa = PBXBuildFile; fileRef = C037D74327C6814D005D0312 /* BallDontLieTests.swift */; };
		C037D74E27C6814D005D0312 /* BallDontLieUITests.swift in Sources */ = {isa = PBXBuildFile; fileRef = C037D74D27C6814D005D0312 /* BallDontLieUITests.swift */; };
		C037D75027C6814D005D0312 /* BallDontLieUITestsLaunchTests.swift in Sources */ = {isa = PBXBuildFile; fileRef = C037D74F27C6814D005D0312 /* BallDontLieUITestsLaunchTests.swift */; };
		C037D76227C6AE4B005D0312 /* Service.swift in Sources */ = {isa = PBXBuildFile; fileRef = C037D76127C6AE4B005D0312 /* Service.swift */; };
		C037D76427C6AEFC005D0312 /* .gitignore in Resources */ = {isa = PBXBuildFile; fileRef = C037D76327C6AEFC005D0312 /* .gitignore */; };
		C037D76627C6AF4C005D0312 /* PlayerViewModel.swift in Sources */ = {isa = PBXBuildFile; fileRef = C037D76527C6AF4C005D0312 /* PlayerViewModel.swift */; };
/* End PBXBuildFile section */

/* Begin PBXContainerItemProxy section */
		C037D74027C6814D005D0312 /* PBXContainerItemProxy */ = {
			isa = PBXContainerItemProxy;
			containerPortal = C037D72127C68149005D0312 /* Project object */;
			proxyType = 1;
			remoteGlobalIDString = C037D72827C68149005D0312;
			remoteInfo = BallDontLie;
		};
		C037D74A27C6814D005D0312 /* PBXContainerItemProxy */ = {
			isa = PBXContainerItemProxy;
			containerPortal = C037D72127C68149005D0312 /* Project object */;
			proxyType = 1;
			remoteGlobalIDString = C037D72827C68149005D0312;
			remoteInfo = BallDontLie;
		};
/* End PBXContainerItemProxy section */

/* Begin PBXFileReference section */
		07F157F2F0671FF98D932DD9 /* Pods-BallDontLie.release.xcconfig */ = {isa = PBXFileReference; includeInIndex = 1; lastKnownFileType = text.xcconfig; name = "Pods-BallDontLie.release.xcconfig"; path = "Target Support Files/Pods-BallDontLie/Pods-BallDontLie.release.xcconfig"; sourceTree = "<group>"; };
		184CAE3D9F4562EA9D28CCF7 /* Pods-BallDontLie-BallDontLieUITests.release.xcconfig */ = {isa = PBXFileReference; includeInIndex = 1; lastKnownFileType = text.xcconfig; name = "Pods-BallDontLie-BallDontLieUITests.release.xcconfig"; path = "Target Support Files/Pods-BallDontLie-BallDontLieUITests/Pods-BallDontLie-BallDontLieUITests.release.xcconfig"; sourceTree = "<group>"; };
		59F8E877E17BB649461EB988 /* Pods-BallDontLie-BallDontLieUITests.debug.xcconfig */ = {isa = PBXFileReference; includeInIndex = 1; lastKnownFileType = text.xcconfig; name = "Pods-BallDontLie-BallDontLieUITests.debug.xcconfig"; path = "Target Support Files/Pods-BallDontLie-BallDontLieUITests/Pods-BallDontLie-BallDontLieUITests.debug.xcconfig"; sourceTree = "<group>"; };
		5F3066E6A6763B246FC66DAD /* Pods-BallDontLieTests.release.xcconfig */ = {isa = PBXFileReference; includeInIndex = 1; lastKnownFileType = text.xcconfig; name = "Pods-BallDontLieTests.release.xcconfig"; path = "Target Support Files/Pods-BallDontLieTests/Pods-BallDontLieTests.release.xcconfig"; sourceTree = "<group>"; };
		8C12FBEFB3F38CB77BB1A2AE /* Pods_BallDontLie_BallDontLieUITests.framework */ = {isa = PBXFileReference; explicitFileType = wrapper.framework; includeInIndex = 0; path = Pods_BallDontLie_BallDontLieUITests.framework; sourceTree = BUILT_PRODUCTS_DIR; };
		9F5D6AC81243641FB97344AA /* Pods_BallDontLie.framework */ = {isa = PBXFileReference; explicitFileType = wrapper.framework; includeInIndex = 0; path = Pods_BallDontLie.framework; sourceTree = BUILT_PRODUCTS_DIR; };
		B52696070DB1EB82AECF7082 /* Pods-BallDontLieTests.debug.xcconfig */ = {isa = PBXFileReference; includeInIndex = 1; lastKnownFileType = text.xcconfig; name = "Pods-BallDontLieTests.debug.xcconfig"; path = "Target Support Files/Pods-BallDontLieTests/Pods-BallDontLieTests.debug.xcconfig"; sourceTree = "<group>"; };
		C009AE1E27C84409001C3F7B /* GamesViewController.swift */ = {isa = PBXFileReference; lastKnownFileType = sourcecode.swift; path = GamesViewController.swift; sourceTree = "<group>"; };
		C009AE2027C8441A001C3F7B /* GamesViewModel.swift */ = {isa = PBXFileReference; lastKnownFileType = sourcecode.swift; path = GamesViewModel.swift; sourceTree = "<group>"; };
		C009AE2227C84433001C3F7B /* TeamsViewModel.swift */ = {isa = PBXFileReference; lastKnownFileType = sourcecode.swift; path = TeamsViewModel.swift; sourceTree = "<group>"; };
		C009AE2427C84A6F001C3F7B /* JsonTest.json */ = {isa = PBXFileReference; lastKnownFileType = text.json; path = JsonTest.json; sourceTree = "<group>"; };
		C009AE2627C84FF7001C3F7B /* Data.swift */ = {isa = PBXFileReference; lastKnownFileType = sourcecode.swift; path = Data.swift; sourceTree = "<group>"; };
		C009AE2827C85004001C3F7B /* Teams.swift */ = {isa = PBXFileReference; lastKnownFileType = sourcecode.swift; path = Teams.swift; sourceTree = "<group>"; };
		C009AE2A27C85010001C3F7B /* Games.swift */ = {isa = PBXFileReference; lastKnownFileType = sourcecode.swift; path = Games.swift; sourceTree = "<group>"; };
		C009AE2C27C85048001C3F7B /* Constants.swift */ = {isa = PBXFileReference; lastKnownFileType = sourcecode.swift; path = Constants.swift; sourceTree = "<group>"; };
		C009AE2E27C85C23001C3F7B /* TeamViewController.swift */ = {isa = PBXFileReference; lastKnownFileType = sourcecode.swift; path = TeamViewController.swift; sourceTree = "<group>"; };
		C009AE3027C86544001C3F7B /* Meta.swift */ = {isa = PBXFileReference; lastKnownFileType = sourcecode.swift; path = Meta.swift; sourceTree = "<group>"; };
		C009AE3327CBA3C1001C3F7B /* PlayerTableViewCell.swift */ = {isa = PBXFileReference; lastKnownFileType = sourcecode.swift; path = PlayerTableViewCell.swift; sourceTree = "<group>"; };
		C009AE3427CBA3C1001C3F7B /* PlayerTableViewCell.xib */ = {isa = PBXFileReference; lastKnownFileType = file.xib; path = PlayerTableViewCell.xib; sourceTree = "<group>"; };
		C009AE3727CBFC85001C3F7B /* ServiceManager.swift */ = {isa = PBXFileReference; lastKnownFileType = sourcecode.swift; path = ServiceManager.swift; sourceTree = "<group>"; };
		C03055D927D03C8A001129B7 /* GamesTableViewCell.swift */ = {isa = PBXFileReference; lastKnownFileType = sourcecode.swift; path = GamesTableViewCell.swift; sourceTree = "<group>"; };
		C03055DA27D03C8A001129B7 /* GamesTableViewCell.xib */ = {isa = PBXFileReference; lastKnownFileType = file.xib; path = GamesTableViewCell.xib; sourceTree = "<group>"; };
		C03055DD27D03CA8001129B7 /* TeamsTableViewCell.swift */ = {isa = PBXFileReference; lastKnownFileType = sourcecode.swift; path = TeamsTableViewCell.swift; sourceTree = "<group>"; };
		C03055DE27D03CA8001129B7 /* TeamsTableViewCell.xib */ = {isa = PBXFileReference; lastKnownFileType = file.xib; path = TeamsTableViewCell.xib; sourceTree = "<group>"; };
		C03055E127D0EBC9001129B7 /* NewtworkMonitor.swift */ = {isa = PBXFileReference; lastKnownFileType = sourcecode.swift; path = NewtworkMonitor.swift; sourceTree = "<group>"; };
		C037D72927C68149005D0312 /* BallDontLie.app */ = {isa = PBXFileReference; explicitFileType = wrapper.application; includeInIndex = 0; path = BallDontLie.app; sourceTree = BUILT_PRODUCTS_DIR; };
		C037D72C27C68149005D0312 /* AppDelegate.swift */ = {isa = PBXFileReference; lastKnownFileType = sourcecode.swift; path = AppDelegate.swift; sourceTree = "<group>"; };
		C037D72E27C68149005D0312 /* SceneDelegate.swift */ = {isa = PBXFileReference; lastKnownFileType = sourcecode.swift; path = SceneDelegate.swift; sourceTree = "<group>"; };
		C037D73027C68149005D0312 /* PlayersViewController.swift */ = {isa = PBXFileReference; lastKnownFileType = sourcecode.swift; path = PlayersViewController.swift; sourceTree = "<group>"; };
		C037D73327C68149005D0312 /* Base */ = {isa = PBXFileReference; lastKnownFileType = file.storyboard; name = Base; path = Base.lproj/Main.storyboard; sourceTree = "<group>"; };
		C037D73527C6814C005D0312 /* Assets.xcassets */ = {isa = PBXFileReference; lastKnownFileType = folder.assetcatalog; path = Assets.xcassets; sourceTree = "<group>"; };
		C037D73827C6814C005D0312 /* Base */ = {isa = PBXFileReference; lastKnownFileType = file.storyboard; name = Base; path = Base.lproj/LaunchScreen.storyboard; sourceTree = "<group>"; };
		C037D73A27C6814C005D0312 /* Info.plist */ = {isa = PBXFileReference; lastKnownFileType = text.plist.xml; path = Info.plist; sourceTree = "<group>"; };
		C037D73F27C6814D005D0312 /* BallDontLieTests.xctest */ = {isa = PBXFileReference; explicitFileType = wrapper.cfbundle; includeInIndex = 0; path = BallDontLieTests.xctest; sourceTree = BUILT_PRODUCTS_DIR; };
		C037D74327C6814D005D0312 /* BallDontLieTests.swift */ = {isa = PBXFileReference; lastKnownFileType = sourcecode.swift; path = BallDontLieTests.swift; sourceTree = "<group>"; };
		C037D74927C6814D005D0312 /* BallDontLieUITests.xctest */ = {isa = PBXFileReference; explicitFileType = wrapper.cfbundle; includeInIndex = 0; path = BallDontLieUITests.xctest; sourceTree = BUILT_PRODUCTS_DIR; };
		C037D74D27C6814D005D0312 /* BallDontLieUITests.swift */ = {isa = PBXFileReference; lastKnownFileType = sourcecode.swift; path = BallDontLieUITests.swift; sourceTree = "<group>"; };
		C037D74F27C6814D005D0312 /* BallDontLieUITestsLaunchTests.swift */ = {isa = PBXFileReference; lastKnownFileType = sourcecode.swift; path = BallDontLieUITestsLaunchTests.swift; sourceTree = "<group>"; };
		C037D76127C6AE4B005D0312 /* Service.swift */ = {isa = PBXFileReference; lastKnownFileType = sourcecode.swift; path = Service.swift; sourceTree = "<group>"; };
		C037D76327C6AEFC005D0312 /* .gitignore */ = {isa = PBXFileReference; fileEncoding = 4; lastKnownFileType = text; path = .gitignore; sourceTree = "<group>"; };
		C037D76527C6AF4C005D0312 /* PlayerViewModel.swift */ = {isa = PBXFileReference; lastKnownFileType = sourcecode.swift; path = PlayerViewModel.swift; sourceTree = "<group>"; };
		D0B4E44AD58DD33CA83C10D2 /* Pods-BallDontLie.debug.xcconfig */ = {isa = PBXFileReference; includeInIndex = 1; lastKnownFileType = text.xcconfig; name = "Pods-BallDontLie.debug.xcconfig"; path = "Target Support Files/Pods-BallDontLie/Pods-BallDontLie.debug.xcconfig"; sourceTree = "<group>"; };
		FC669D365D41C9F869839C92 /* Pods_BallDontLieTests.framework */ = {isa = PBXFileReference; explicitFileType = wrapper.framework; includeInIndex = 0; path = Pods_BallDontLieTests.framework; sourceTree = BUILT_PRODUCTS_DIR; };
/* End PBXFileReference section */

/* Begin PBXFrameworksBuildPhase section */
		C037D72627C68149005D0312 /* Frameworks */ = {
			isa = PBXFrameworksBuildPhase;
			buildActionMask = 2147483647;
			files = (
				0F5751DC465ABA3D0BC20007 /* Pods_BallDontLie.framework in Frameworks */,
			);
			runOnlyForDeploymentPostprocessing = 0;
		};
		C037D73C27C6814D005D0312 /* Frameworks */ = {
			isa = PBXFrameworksBuildPhase;
			buildActionMask = 2147483647;
			files = (
				7E84B6F82328038D889E3E82 /* Pods_BallDontLieTests.framework in Frameworks */,
			);
			runOnlyForDeploymentPostprocessing = 0;
		};
		C037D74627C6814D005D0312 /* Frameworks */ = {
			isa = PBXFrameworksBuildPhase;
			buildActionMask = 2147483647;
			files = (
				1DCC6F4038A1791C6F6DD67C /* Pods_BallDontLie_BallDontLieUITests.framework in Frameworks */,
			);
			runOnlyForDeploymentPostprocessing = 0;
		};
/* End PBXFrameworksBuildPhase section */

/* Begin PBXGroup section */
		6C553D2D1F25B3C81FF152B8 /* Pods */ = {
			isa = PBXGroup;
			children = (
				D0B4E44AD58DD33CA83C10D2 /* Pods-BallDontLie.debug.xcconfig */,
				07F157F2F0671FF98D932DD9 /* Pods-BallDontLie.release.xcconfig */,
				59F8E877E17BB649461EB988 /* Pods-BallDontLie-BallDontLieUITests.debug.xcconfig */,
				184CAE3D9F4562EA9D28CCF7 /* Pods-BallDontLie-BallDontLieUITests.release.xcconfig */,
				B52696070DB1EB82AECF7082 /* Pods-BallDontLieTests.debug.xcconfig */,
				5F3066E6A6763B246FC66DAD /* Pods-BallDontLieTests.release.xcconfig */,
			);
			path = Pods;
			sourceTree = "<group>";
		};
		C009AE3227CBA343001C3F7B /* TableViewCell */ = {
			isa = PBXGroup;
			children = (
				C009AE3327CBA3C1001C3F7B /* PlayerTableViewCell.swift */,
				C009AE3427CBA3C1001C3F7B /* PlayerTableViewCell.xib */,
				C03055D927D03C8A001129B7 /* GamesTableViewCell.swift */,
				C03055DA27D03C8A001129B7 /* GamesTableViewCell.xib */,
				C03055DD27D03CA8001129B7 /* TeamsTableViewCell.swift */,
				C03055DE27D03CA8001129B7 /* TeamsTableViewCell.xib */,
			);
			path = TableViewCell;
			sourceTree = "<group>";
		};
		C037D72027C68149005D0312 = {
			isa = PBXGroup;
			children = (
				C037D76327C6AEFC005D0312 /* .gitignore */,
				C037D72B27C68149005D0312 /* BallDontLie */,
				C037D74227C6814D005D0312 /* BallDontLieTests */,
				C037D74C27C6814D005D0312 /* BallDontLieUITests */,
				C037D72A27C68149005D0312 /* Products */,
				6C553D2D1F25B3C81FF152B8 /* Pods */,
				E8CAA88BE672A400FD3B0075 /* Frameworks */,
			);
			sourceTree = "<group>";
		};
		C037D72A27C68149005D0312 /* Products */ = {
			isa = PBXGroup;
			children = (
				C037D72927C68149005D0312 /* BallDontLie.app */,
				C037D73F27C6814D005D0312 /* BallDontLieTests.xctest */,
				C037D74927C6814D005D0312 /* BallDontLieUITests.xctest */,
			);
			name = Products;
			sourceTree = "<group>";
		};
		C037D72B27C68149005D0312 /* BallDontLie */ = {
			isa = PBXGroup;
			children = (
				C037D75E27C6ADF1005D0312 /* Networking */,
				C037D76027C6AE10005D0312 /* Model */,
				C037D75F27C6AE07005D0312 /* ViewModel */,
				C037D75D27C681A0005D0312 /* ViewController */,
				C037D75C27C6816F005D0312 /* Suport */,
				C037D73227C68149005D0312 /* Main.storyboard */,
				C037D73A27C6814C005D0312 /* Info.plist */,
			);
			path = BallDontLie;
			sourceTree = "<group>";
		};
		C037D74227C6814D005D0312 /* BallDontLieTests */ = {
			isa = PBXGroup;
			children = (
				C037D74327C6814D005D0312 /* BallDontLieTests.swift */,
				C009AE2427C84A6F001C3F7B /* JsonTest.json */,
			);
			path = BallDontLieTests;
			sourceTree = "<group>";
		};
		C037D74C27C6814D005D0312 /* BallDontLieUITests */ = {
			isa = PBXGroup;
			children = (
				C037D74D27C6814D005D0312 /* BallDontLieUITests.swift */,
				C037D74F27C6814D005D0312 /* BallDontLieUITestsLaunchTests.swift */,
			);
			path = BallDontLieUITests;
			sourceTree = "<group>";
		};
		C037D75C27C6816F005D0312 /* Suport */ = {
			isa = PBXGroup;
			children = (
				C037D72C27C68149005D0312 /* AppDelegate.swift */,
				C037D72E27C68149005D0312 /* SceneDelegate.swift */,
				C037D73727C6814C005D0312 /* LaunchScreen.storyboard */,
				C037D73527C6814C005D0312 /* Assets.xcassets */,
			);
			path = Suport;
			sourceTree = "<group>";
		};
		C037D75D27C681A0005D0312 /* ViewController */ = {
			isa = PBXGroup;
			children = (
				C009AE3227CBA343001C3F7B /* TableViewCell */,
				C037D73027C68149005D0312 /* PlayersViewController.swift */,
				C009AE1E27C84409001C3F7B /* GamesViewController.swift */,
				C009AE2E27C85C23001C3F7B /* TeamViewController.swift */,
			);
			path = ViewController;
			sourceTree = "<group>";
		};
		C037D75E27C6ADF1005D0312 /* Networking */ = {
			isa = PBXGroup;
			children = (
				C037D76127C6AE4B005D0312 /* Service.swift */,
				C009AE2C27C85048001C3F7B /* Constants.swift */,
				C009AE3727CBFC85001C3F7B /* ServiceManager.swift */,
				C03055E127D0EBC9001129B7 /* NewtworkMonitor.swift */,
			);
			path = Networking;
			sourceTree = "<group>";
		};
		C037D75F27C6AE07005D0312 /* ViewModel */ = {
			isa = PBXGroup;
			children = (
				C037D76527C6AF4C005D0312 /* PlayerViewModel.swift */,
				C009AE2027C8441A001C3F7B /* GamesViewModel.swift */,
				C009AE2227C84433001C3F7B /* TeamsViewModel.swift */,
			);
			path = ViewModel;
			sourceTree = "<group>";
		};
		C037D76027C6AE10005D0312 /* Model */ = {
			isa = PBXGroup;
			children = (
				C009AE2627C84FF7001C3F7B /* Data.swift */,
				C009AE2827C85004001C3F7B /* Teams.swift */,
				C009AE2A27C85010001C3F7B /* Games.swift */,
				C009AE3027C86544001C3F7B /* Meta.swift */,
			);
			path = Model;
			sourceTree = "<group>";
		};
		E8CAA88BE672A400FD3B0075 /* Frameworks */ = {
			isa = PBXGroup;
			children = (
				9F5D6AC81243641FB97344AA /* Pods_BallDontLie.framework */,
				8C12FBEFB3F38CB77BB1A2AE /* Pods_BallDontLie_BallDontLieUITests.framework */,
				FC669D365D41C9F869839C92 /* Pods_BallDontLieTests.framework */,
			);
			name = Frameworks;
			sourceTree = "<group>";
		};
/* End PBXGroup section */

/* Begin PBXNativeTarget section */
		C037D72827C68149005D0312 /* BallDontLie */ = {
			isa = PBXNativeTarget;
			buildConfigurationList = C037D75327C6814D005D0312 /* Build configuration list for PBXNativeTarget "BallDontLie" */;
			buildPhases = (
				F054B640D349A462ADD4C4D0 /* [CP] Check Pods Manifest.lock */,
				C037D72527C68149005D0312 /* Sources */,
				C037D72627C68149005D0312 /* Frameworks */,
				C037D72727C68149005D0312 /* Resources */,
			);
			buildRules = (
			);
			dependencies = (
			);
			name = BallDontLie;
			productName = BallDontLie;
			productReference = C037D72927C68149005D0312 /* BallDontLie.app */;
			productType = "com.apple.product-type.application";
		};
		C037D73E27C6814D005D0312 /* BallDontLieTests */ = {
			isa = PBXNativeTarget;
			buildConfigurationList = C037D75627C6814D005D0312 /* Build configuration list for PBXNativeTarget "BallDontLieTests" */;
			buildPhases = (
				7269137FFC49139334521683 /* [CP] Check Pods Manifest.lock */,
				C037D73B27C6814D005D0312 /* Sources */,
				C037D73C27C6814D005D0312 /* Frameworks */,
				C037D73D27C6814D005D0312 /* Resources */,
				C5ABA65E2988DC7AE236AF28 /* [CP] Embed Pods Frameworks */,
			);
			buildRules = (
			);
			dependencies = (
				C037D74127C6814D005D0312 /* PBXTargetDependency */,
			);
			name = BallDontLieTests;
			productName = BallDontLieTests;
			productReference = C037D73F27C6814D005D0312 /* BallDontLieTests.xctest */;
			productType = "com.apple.product-type.bundle.unit-test";
		};
		C037D74827C6814D005D0312 /* BallDontLieUITests */ = {
			isa = PBXNativeTarget;
			buildConfigurationList = C037D75927C6814D005D0312 /* Build configuration list for PBXNativeTarget "BallDontLieUITests" */;
			buildPhases = (
				C967C6AF08EFECBDD224F7E2 /* [CP] Check Pods Manifest.lock */,
				C037D74527C6814D005D0312 /* Sources */,
				C037D74627C6814D005D0312 /* Frameworks */,
				C037D74727C6814D005D0312 /* Resources */,
			);
			buildRules = (
			);
			dependencies = (
				C037D74B27C6814D005D0312 /* PBXTargetDependency */,
			);
			name = BallDontLieUITests;
			productName = BallDontLieUITests;
			productReference = C037D74927C6814D005D0312 /* BallDontLieUITests.xctest */;
			productType = "com.apple.product-type.bundle.ui-testing";
		};
/* End PBXNativeTarget section */

/* Begin PBXProject section */
		C037D72127C68149005D0312 /* Project object */ = {
			isa = PBXProject;
			attributes = {
				BuildIndependentTargetsInParallel = 1;
				LastSwiftUpdateCheck = 1320;
				LastUpgradeCheck = 1320;
				TargetAttributes = {
					C037D72827C68149005D0312 = {
						CreatedOnToolsVersion = 13.2.1;
					};
					C037D73E27C6814D005D0312 = {
						CreatedOnToolsVersion = 13.2.1;
						TestTargetID = C037D72827C68149005D0312;
					};
					C037D74827C6814D005D0312 = {
						CreatedOnToolsVersion = 13.2.1;
						TestTargetID = C037D72827C68149005D0312;
					};
				};
			};
			buildConfigurationList = C037D72427C68149005D0312 /* Build configuration list for PBXProject "BallDontLie" */;
			compatibilityVersion = "Xcode 13.0";
			developmentRegion = en;
			hasScannedForEncodings = 0;
			knownRegions = (
				en,
				Base,
			);
			mainGroup = C037D72027C68149005D0312;
			productRefGroup = C037D72A27C68149005D0312 /* Products */;
			projectDirPath = "";
			projectRoot = "";
			targets = (
				C037D72827C68149005D0312 /* BallDontLie */,
				C037D73E27C6814D005D0312 /* BallDontLieTests */,
				C037D74827C6814D005D0312 /* BallDontLieUITests */,
			);
		};
/* End PBXProject section */

/* Begin PBXResourcesBuildPhase section */
		C037D72727C68149005D0312 /* Resources */ = {
			isa = PBXResourcesBuildPhase;
			buildActionMask = 2147483647;
			files = (
				C037D76427C6AEFC005D0312 /* .gitignore in Resources */,
				C037D73927C6814C005D0312 /* LaunchScreen.storyboard in Resources */,
				C009AE3627CBA3C1001C3F7B /* PlayerTableViewCell.xib in Resources */,
				C03055E027D03CA8001129B7 /* TeamsTableViewCell.xib in Resources */,
				C03055DC27D03C8A001129B7 /* GamesTableViewCell.xib in Resources */,
				C037D73627C6814C005D0312 /* Assets.xcassets in Resources */,
				C037D73427C68149005D0312 /* Main.storyboard in Resources */,
			);
			runOnlyForDeploymentPostprocessing = 0;
		};
		C037D73D27C6814D005D0312 /* Resources */ = {
			isa = PBXResourcesBuildPhase;
			buildActionMask = 2147483647;
			files = (
				C009AE2527C84A6F001C3F7B /* JsonTest.json in Resources */,
			);
			runOnlyForDeploymentPostprocessing = 0;
		};
		C037D74727C6814D005D0312 /* Resources */ = {
			isa = PBXResourcesBuildPhase;
			buildActionMask = 2147483647;
			files = (
			);
			runOnlyForDeploymentPostprocessing = 0;
		};
/* End PBXResourcesBuildPhase section */

/* Begin PBXShellScriptBuildPhase section */
		7269137FFC49139334521683 /* [CP] Check Pods Manifest.lock */ = {
			isa = PBXShellScriptBuildPhase;
			buildActionMask = 2147483647;
			files = (
			);
			inputFileListPaths = (
			);
			inputPaths = (
				"${PODS_PODFILE_DIR_PATH}/Podfile.lock",
				"${PODS_ROOT}/Manifest.lock",
			);
			name = "[CP] Check Pods Manifest.lock";
			outputFileListPaths = (
			);
			outputPaths = (
				"$(DERIVED_FILE_DIR)/Pods-BallDontLieTests-checkManifestLockResult.txt",
			);
			runOnlyForDeploymentPostprocessing = 0;
			shellPath = /bin/sh;
			shellScript = "diff \"${PODS_PODFILE_DIR_PATH}/Podfile.lock\" \"${PODS_ROOT}/Manifest.lock\" > /dev/null\nif [ $? != 0 ] ; then\n    # print error to STDERR\n    echo \"error: The sandbox is not in sync with the Podfile.lock. Run 'pod install' or update your CocoaPods installation.\" >&2\n    exit 1\nfi\n# This output is used by Xcode 'outputs' to avoid re-running this script phase.\necho \"SUCCESS\" > \"${SCRIPT_OUTPUT_FILE_0}\"\n";
			showEnvVarsInLog = 0;
		};
		C5ABA65E2988DC7AE236AF28 /* [CP] Embed Pods Frameworks */ = {
			isa = PBXShellScriptBuildPhase;
			buildActionMask = 2147483647;
			files = (
			);
			inputFileListPaths = (
				"${PODS_ROOT}/Target Support Files/Pods-BallDontLieTests/Pods-BallDontLieTests-frameworks-${CONFIGURATION}-input-files.xcfilelist",
			);
			name = "[CP] Embed Pods Frameworks";
			outputFileListPaths = (
				"${PODS_ROOT}/Target Support Files/Pods-BallDontLieTests/Pods-BallDontLieTests-frameworks-${CONFIGURATION}-output-files.xcfilelist",
			);
			runOnlyForDeploymentPostprocessing = 0;
			shellPath = /bin/sh;
			shellScript = "\"${PODS_ROOT}/Target Support Files/Pods-BallDontLieTests/Pods-BallDontLieTests-frameworks.sh\"\n";
			showEnvVarsInLog = 0;
		};
		C967C6AF08EFECBDD224F7E2 /* [CP] Check Pods Manifest.lock */ = {
			isa = PBXShellScriptBuildPhase;
			buildActionMask = 2147483647;
			files = (
			);
			inputFileListPaths = (
			);
			inputPaths = (
				"${PODS_PODFILE_DIR_PATH}/Podfile.lock",
				"${PODS_ROOT}/Manifest.lock",
			);
			name = "[CP] Check Pods Manifest.lock";
			outputFileListPaths = (
			);
			outputPaths = (
				"$(DERIVED_FILE_DIR)/Pods-BallDontLie-BallDontLieUITests-checkManifestLockResult.txt",
			);
			runOnlyForDeploymentPostprocessing = 0;
			shellPath = /bin/sh;
			shellScript = "diff \"${PODS_PODFILE_DIR_PATH}/Podfile.lock\" \"${PODS_ROOT}/Manifest.lock\" > /dev/null\nif [ $? != 0 ] ; then\n    # print error to STDERR\n    echo \"error: The sandbox is not in sync with the Podfile.lock. Run 'pod install' or update your CocoaPods installation.\" >&2\n    exit 1\nfi\n# This output is used by Xcode 'outputs' to avoid re-running this script phase.\necho \"SUCCESS\" > \"${SCRIPT_OUTPUT_FILE_0}\"\n";
			showEnvVarsInLog = 0;
		};
		F054B640D349A462ADD4C4D0 /* [CP] Check Pods Manifest.lock */ = {
			isa = PBXShellScriptBuildPhase;
			buildActionMask = 2147483647;
			files = (
			);
			inputFileListPaths = (
			);
			inputPaths = (
				"${PODS_PODFILE_DIR_PATH}/Podfile.lock",
				"${PODS_ROOT}/Manifest.lock",
			);
			name = "[CP] Check Pods Manifest.lock";
			outputFileListPaths = (
			);
			outputPaths = (
				"$(DERIVED_FILE_DIR)/Pods-BallDontLie-checkManifestLockResult.txt",
			);
			runOnlyForDeploymentPostprocessing = 0;
			shellPath = /bin/sh;
			shellScript = "diff \"${PODS_PODFILE_DIR_PATH}/Podfile.lock\" \"${PODS_ROOT}/Manifest.lock\" > /dev/null\nif [ $? != 0 ] ; then\n    # print error to STDERR\n    echo \"error: The sandbox is not in sync with the Podfile.lock. Run 'pod install' or update your CocoaPods installation.\" >&2\n    exit 1\nfi\n# This output is used by Xcode 'outputs' to avoid re-running this script phase.\necho \"SUCCESS\" > \"${SCRIPT_OUTPUT_FILE_0}\"\n";
			showEnvVarsInLog = 0;
		};
/* End PBXShellScriptBuildPhase section */

/* Begin PBXSourcesBuildPhase section */
		C037D72527C68149005D0312 /* Sources */ = {
			isa = PBXSourcesBuildPhase;
			buildActionMask = 2147483647;
			files = (
				C009AE2127C8441A001C3F7B /* GamesViewModel.swift in Sources */,
				C009AE1F27C84409001C3F7B /* GamesViewController.swift in Sources */,
				C03055DF27D03CA8001129B7 /* TeamsTableViewCell.swift in Sources */,
				C009AE2F27C85C23001C3F7B /* TeamViewController.swift in Sources */,
				C037D73127C68149005D0312 /* PlayersViewController.swift in Sources */,
				C009AE2B27C85010001C3F7B /* Games.swift in Sources */,
				C037D76627C6AF4C005D0312 /* PlayerViewModel.swift in Sources */,
				C03055E227D0EBC9001129B7 /* NewtworkMonitor.swift in Sources */,
				C009AE2927C85004001C3F7B /* Teams.swift in Sources */,
				C009AE2D27C85048001C3F7B /* Constants.swift in Sources */,
				C037D76227C6AE4B005D0312 /* Service.swift in Sources */,
				C009AE2727C84FF7001C3F7B /* Data.swift in Sources */,
				C037D72D27C68149005D0312 /* AppDelegate.swift in Sources */,
				C009AE3827CBFC85001C3F7B /* ServiceManager.swift in Sources */,
				C009AE2327C84433001C3F7B /* TeamsViewModel.swift in Sources */,
				C03055DB27D03C8A001129B7 /* GamesTableViewCell.swift in Sources */,
				C009AE3527CBA3C1001C3F7B /* PlayerTableViewCell.swift in Sources */,
				C009AE3127C86544001C3F7B /* Meta.swift in Sources */,
				C037D72F27C68149005D0312 /* SceneDelegate.swift in Sources */,
			);
			runOnlyForDeploymentPostprocessing = 0;
		};
		C037D73B27C6814D005D0312 /* Sources */ = {
			isa = PBXSourcesBuildPhase;
			buildActionMask = 2147483647;
			files = (
				C037D74427C6814D005D0312 /* BallDontLieTests.swift in Sources */,
			);
			runOnlyForDeploymentPostprocessing = 0;
		};
		C037D74527C6814D005D0312 /* Sources */ = {
			isa = PBXSourcesBuildPhase;
			buildActionMask = 2147483647;
			files = (
				C037D74E27C6814D005D0312 /* BallDontLieUITests.swift in Sources */,
				C037D75027C6814D005D0312 /* BallDontLieUITestsLaunchTests.swift in Sources */,
			);
			runOnlyForDeploymentPostprocessing = 0;
		};
/* End PBXSourcesBuildPhase section */

/* Begin PBXTargetDependency section */
		C037D74127C6814D005D0312 /* PBXTargetDependency */ = {
			isa = PBXTargetDependency;
			target = C037D72827C68149005D0312 /* BallDontLie */;
			targetProxy = C037D74027C6814D005D0312 /* PBXContainerItemProxy */;
		};
		C037D74B27C6814D005D0312 /* PBXTargetDependency */ = {
			isa = PBXTargetDependency;
			target = C037D72827C68149005D0312 /* BallDontLie */;
			targetProxy = C037D74A27C6814D005D0312 /* PBXContainerItemProxy */;
		};
/* End PBXTargetDependency section */

/* Begin PBXVariantGroup section */
		C037D73227C68149005D0312 /* Main.storyboard */ = {
			isa = PBXVariantGroup;
			children = (
				C037D73327C68149005D0312 /* Base */,
			);
			name = Main.storyboard;
			sourceTree = "<group>";
		};
		C037D73727C6814C005D0312 /* LaunchScreen.storyboard */ = {
			isa = PBXVariantGroup;
			children = (
				C037D73827C6814C005D0312 /* Base */,
			);
			name = LaunchScreen.storyboard;
			sourceTree = "<group>";
		};
/* End PBXVariantGroup section */

/* Begin XCBuildConfiguration section */
		C037D75127C6814D005D0312 /* Debug */ = {
			isa = XCBuildConfiguration;
			buildSettings = {
				ALWAYS_SEARCH_USER_PATHS = NO;
				CLANG_ANALYZER_NONNULL = YES;
				CLANG_ANALYZER_NUMBER_OBJECT_CONVERSION = YES_AGGRESSIVE;
				CLANG_CXX_LANGUAGE_STANDARD = "gnu++17";
				CLANG_CXX_LIBRARY = "libc++";
				CLANG_ENABLE_MODULES = YES;
				CLANG_ENABLE_OBJC_ARC = YES;
				CLANG_ENABLE_OBJC_WEAK = YES;
				CLANG_WARN_BLOCK_CAPTURE_AUTORELEASING = YES;
				CLANG_WARN_BOOL_CONVERSION = YES;
				CLANG_WARN_COMMA = YES;
				CLANG_WARN_CONSTANT_CONVERSION = YES;
				CLANG_WARN_DEPRECATED_OBJC_IMPLEMENTATIONS = YES;
				CLANG_WARN_DIRECT_OBJC_ISA_USAGE = YES_ERROR;
				CLANG_WARN_DOCUMENTATION_COMMENTS = YES;
				CLANG_WARN_EMPTY_BODY = YES;
				CLANG_WARN_ENUM_CONVERSION = YES;
				CLANG_WARN_INFINITE_RECURSION = YES;
				CLANG_WARN_INT_CONVERSION = YES;
				CLANG_WARN_NON_LITERAL_NULL_CONVERSION = YES;
				CLANG_WARN_OBJC_IMPLICIT_RETAIN_SELF = YES;
				CLANG_WARN_OBJC_LITERAL_CONVERSION = YES;
				CLANG_WARN_OBJC_ROOT_CLASS = YES_ERROR;
				CLANG_WARN_QUOTED_INCLUDE_IN_FRAMEWORK_HEADER = YES;
				CLANG_WARN_RANGE_LOOP_ANALYSIS = YES;
				CLANG_WARN_STRICT_PROTOTYPES = YES;
				CLANG_WARN_SUSPICIOUS_MOVE = YES;
				CLANG_WARN_UNGUARDED_AVAILABILITY = YES_AGGRESSIVE;
				CLANG_WARN_UNREACHABLE_CODE = YES;
				CLANG_WARN__DUPLICATE_METHOD_MATCH = YES;
				COPY_PHASE_STRIP = NO;
				DEBUG_INFORMATION_FORMAT = dwarf;
				ENABLE_STRICT_OBJC_MSGSEND = YES;
				ENABLE_TESTABILITY = YES;
				GCC_C_LANGUAGE_STANDARD = gnu11;
				GCC_DYNAMIC_NO_PIC = NO;
				GCC_NO_COMMON_BLOCKS = YES;
				GCC_OPTIMIZATION_LEVEL = 0;
				GCC_PREPROCESSOR_DEFINITIONS = (
					"DEBUG=1",
					"$(inherited)",
				);
				GCC_WARN_64_TO_32_BIT_CONVERSION = YES;
				GCC_WARN_ABOUT_RETURN_TYPE = YES_ERROR;
				GCC_WARN_UNDECLARED_SELECTOR = YES;
				GCC_WARN_UNINITIALIZED_AUTOS = YES_AGGRESSIVE;
				GCC_WARN_UNUSED_FUNCTION = YES;
				GCC_WARN_UNUSED_VARIABLE = YES;
				IPHONEOS_DEPLOYMENT_TARGET = 15.2;
				MTL_ENABLE_DEBUG_INFO = INCLUDE_SOURCE;
				MTL_FAST_MATH = YES;
				ONLY_ACTIVE_ARCH = YES;
				SDKROOT = iphoneos;
				SWIFT_ACTIVE_COMPILATION_CONDITIONS = DEBUG;
				SWIFT_OPTIMIZATION_LEVEL = "-Onone";
			};
			name = Debug;
		};
		C037D75227C6814D005D0312 /* Release */ = {
			isa = XCBuildConfiguration;
			buildSettings = {
				ALWAYS_SEARCH_USER_PATHS = NO;
				CLANG_ANALYZER_NONNULL = YES;
				CLANG_ANALYZER_NUMBER_OBJECT_CONVERSION = YES_AGGRESSIVE;
				CLANG_CXX_LANGUAGE_STANDARD = "gnu++17";
				CLANG_CXX_LIBRARY = "libc++";
				CLANG_ENABLE_MODULES = YES;
				CLANG_ENABLE_OBJC_ARC = YES;
				CLANG_ENABLE_OBJC_WEAK = YES;
				CLANG_WARN_BLOCK_CAPTURE_AUTORELEASING = YES;
				CLANG_WARN_BOOL_CONVERSION = YES;
				CLANG_WARN_COMMA = YES;
				CLANG_WARN_CONSTANT_CONVERSION = YES;
				CLANG_WARN_DEPRECATED_OBJC_IMPLEMENTATIONS = YES;
				CLANG_WARN_DIRECT_OBJC_ISA_USAGE = YES_ERROR;
				CLANG_WARN_DOCUMENTATION_COMMENTS = YES;
				CLANG_WARN_EMPTY_BODY = YES;
				CLANG_WARN_ENUM_CONVERSION = YES;
				CLANG_WARN_INFINITE_RECURSION = YES;
				CLANG_WARN_INT_CONVERSION = YES;
				CLANG_WARN_NON_LITERAL_NULL_CONVERSION = YES;
				CLANG_WARN_OBJC_IMPLICIT_RETAIN_SELF = YES;
				CLANG_WARN_OBJC_LITERAL_CONVERSION = YES;
				CLANG_WARN_OBJC_ROOT_CLASS = YES_ERROR;
				CLANG_WARN_QUOTED_INCLUDE_IN_FRAMEWORK_HEADER = YES;
				CLANG_WARN_RANGE_LOOP_ANALYSIS = YES;
				CLANG_WARN_STRICT_PROTOTYPES = YES;
				CLANG_WARN_SUSPICIOUS_MOVE = YES;
				CLANG_WARN_UNGUARDED_AVAILABILITY = YES_AGGRESSIVE;
				CLANG_WARN_UNREACHABLE_CODE = YES;
				CLANG_WARN__DUPLICATE_METHOD_MATCH = YES;
				COPY_PHASE_STRIP = NO;
				DEBUG_INFORMATION_FORMAT = "dwarf-with-dsym";
				ENABLE_NS_ASSERTIONS = NO;
				ENABLE_STRICT_OBJC_MSGSEND = YES;
				GCC_C_LANGUAGE_STANDARD = gnu11;
				GCC_NO_COMMON_BLOCKS = YES;
				GCC_WARN_64_TO_32_BIT_CONVERSION = YES;
				GCC_WARN_ABOUT_RETURN_TYPE = YES_ERROR;
				GCC_WARN_UNDECLARED_SELECTOR = YES;
				GCC_WARN_UNINITIALIZED_AUTOS = YES_AGGRESSIVE;
				GCC_WARN_UNUSED_FUNCTION = YES;
				GCC_WARN_UNUSED_VARIABLE = YES;
				IPHONEOS_DEPLOYMENT_TARGET = 15.2;
				MTL_ENABLE_DEBUG_INFO = NO;
				MTL_FAST_MATH = YES;
				SDKROOT = iphoneos;
				SWIFT_COMPILATION_MODE = wholemodule;
				SWIFT_OPTIMIZATION_LEVEL = "-O";
				VALIDATE_PRODUCT = YES;
			};
			name = Release;
		};
		C037D75427C6814D005D0312 /* Debug */ = {
			isa = XCBuildConfiguration;
			baseConfigurationReference = D0B4E44AD58DD33CA83C10D2 /* Pods-BallDontLie.debug.xcconfig */;
			buildSettings = {
				ASSETCATALOG_COMPILER_APPICON_NAME = AppIcon;
				ASSETCATALOG_COMPILER_GLOBAL_ACCENT_COLOR_NAME = AccentColor;
				CODE_SIGN_STYLE = Automatic;
				CURRENT_PROJECT_VERSION = 1;
				GENERATE_INFOPLIST_FILE = YES;
				INFOPLIST_FILE = BallDontLie/Info.plist;
				INFOPLIST_KEY_UIApplicationSupportsIndirectInputEvents = YES;
				INFOPLIST_KEY_UILaunchStoryboardName = LaunchScreen;
				INFOPLIST_KEY_UIMainStoryboardFile = Main;
				INFOPLIST_KEY_UISupportedInterfaceOrientations_iPad = "UIInterfaceOrientationPortrait UIInterfaceOrientationPortraitUpsideDown UIInterfaceOrientationLandscapeLeft UIInterfaceOrientationLandscapeRight";
				INFOPLIST_KEY_UISupportedInterfaceOrientations_iPhone = "UIInterfaceOrientationPortrait UIInterfaceOrientationLandscapeLeft UIInterfaceOrientationLandscapeRight";
				LD_RUNPATH_SEARCH_PATHS = (
					"$(inherited)",
					"@executable_path/Frameworks",
				);
				MARKETING_VERSION = 1.0;
				PRODUCT_BUNDLE_IDENTIFIER = applaudo.BallDontLie;
				PRODUCT_NAME = "$(TARGET_NAME)";
				SWIFT_EMIT_LOC_STRINGS = YES;
				SWIFT_VERSION = 5.0;
				TARGETED_DEVICE_FAMILY = "1,2";
			};
			name = Debug;
		};
		C037D75527C6814D005D0312 /* Release */ = {
			isa = XCBuildConfiguration;
			baseConfigurationReference = 07F157F2F0671FF98D932DD9 /* Pods-BallDontLie.release.xcconfig */;
			buildSettings = {
				ASSETCATALOG_COMPILER_APPICON_NAME = AppIcon;
				ASSETCATALOG_COMPILER_GLOBAL_ACCENT_COLOR_NAME = AccentColor;
				CODE_SIGN_STYLE = Automatic;
				CURRENT_PROJECT_VERSION = 1;
				GENERATE_INFOPLIST_FILE = YES;
				INFOPLIST_FILE = BallDontLie/Info.plist;
				INFOPLIST_KEY_UIApplicationSupportsIndirectInputEvents = YES;
				INFOPLIST_KEY_UILaunchStoryboardName = LaunchScreen;
				INFOPLIST_KEY_UIMainStoryboardFile = Main;
				INFOPLIST_KEY_UISupportedInterfaceOrientations_iPad = "UIInterfaceOrientationPortrait UIInterfaceOrientationPortraitUpsideDown UIInterfaceOrientationLandscapeLeft UIInterfaceOrientationLandscapeRight";
				INFOPLIST_KEY_UISupportedInterfaceOrientations_iPhone = "UIInterfaceOrientationPortrait UIInterfaceOrientationLandscapeLeft UIInterfaceOrientationLandscapeRight";
				LD_RUNPATH_SEARCH_PATHS = (
					"$(inherited)",
					"@executable_path/Frameworks",
				);
				MARKETING_VERSION = 1.0;
				PRODUCT_BUNDLE_IDENTIFIER = applaudo.BallDontLie;
				PRODUCT_NAME = "$(TARGET_NAME)";
				SWIFT_EMIT_LOC_STRINGS = YES;
				SWIFT_VERSION = 5.0;
				TARGETED_DEVICE_FAMILY = "1,2";
			};
			name = Release;
		};
		C037D75727C6814D005D0312 /* Debug */ = {
			isa = XCBuildConfiguration;
			baseConfigurationReference = B52696070DB1EB82AECF7082 /* Pods-BallDontLieTests.debug.xcconfig */;
			buildSettings = {
				ALWAYS_EMBED_SWIFT_STANDARD_LIBRARIES = YES;
				BUNDLE_LOADER = "$(TEST_HOST)";
				CODE_SIGN_STYLE = Automatic;
				CURRENT_PROJECT_VERSION = 1;
				GENERATE_INFOPLIST_FILE = YES;
				IPHONEOS_DEPLOYMENT_TARGET = 15.2;
				MARKETING_VERSION = 1.0;
				PRODUCT_BUNDLE_IDENTIFIER = applaudo.BallDontLieTests;
				PRODUCT_NAME = "$(TARGET_NAME)";
				SWIFT_EMIT_LOC_STRINGS = NO;
				SWIFT_VERSION = 5.0;
				TARGETED_DEVICE_FAMILY = "1,2";
				TEST_HOST = "$(BUILT_PRODUCTS_DIR)/BallDontLie.app/BallDontLie";
			};
			name = Debug;
		};
		C037D75827C6814D005D0312 /* Release */ = {
			isa = XCBuildConfiguration;
			baseConfigurationReference = 5F3066E6A6763B246FC66DAD /* Pods-BallDontLieTests.release.xcconfig */;
			buildSettings = {
				ALWAYS_EMBED_SWIFT_STANDARD_LIBRARIES = YES;
				BUNDLE_LOADER = "$(TEST_HOST)";
				CODE_SIGN_STYLE = Automatic;
				CURRENT_PROJECT_VERSION = 1;
				GENERATE_INFOPLIST_FILE = YES;
				IPHONEOS_DEPLOYMENT_TARGET = 15.2;
				MARKETING_VERSION = 1.0;
				PRODUCT_BUNDLE_IDENTIFIER = applaudo.BallDontLieTests;
				PRODUCT_NAME = "$(TARGET_NAME)";
				SWIFT_EMIT_LOC_STRINGS = NO;
				SWIFT_VERSION = 5.0;
				TARGETED_DEVICE_FAMILY = "1,2";
				TEST_HOST = "$(BUILT_PRODUCTS_DIR)/BallDontLie.app/BallDontLie";
			};
			name = Release;
		};
		C037D75A27C6814D005D0312 /* Debug */ = {
			isa = XCBuildConfiguration;
			baseConfigurationReference = 59F8E877E17BB649461EB988 /* Pods-BallDontLie-BallDontLieUITests.debug.xcconfig */;
			buildSettings = {
				ALWAYS_EMBED_SWIFT_STANDARD_LIBRARIES = YES;
				CODE_SIGN_STYLE = Automatic;
				CURRENT_PROJECT_VERSION = 1;
				GENERATE_INFOPLIST_FILE = YES;
				MARKETING_VERSION = 1.0;
				PRODUCT_BUNDLE_IDENTIFIER = applaudo.BallDontLieUITests;
				PRODUCT_NAME = "$(TARGET_NAME)";
				SWIFT_EMIT_LOC_STRINGS = NO;
				SWIFT_VERSION = 5.0;
				TARGETED_DEVICE_FAMILY = "1,2";
				TEST_TARGET_NAME = BallDontLie;
			};
			name = Debug;
		};
		C037D75B27C6814D005D0312 /* Release */ = {
			isa = XCBuildConfiguration;
			baseConfigurationReference = 184CAE3D9F4562EA9D28CCF7 /* Pods-BallDontLie-BallDontLieUITests.release.xcconfig */;
			buildSettings = {
				ALWAYS_EMBED_SWIFT_STANDARD_LIBRARIES = YES;
				CODE_SIGN_STYLE = Automatic;
				CURRENT_PROJECT_VERSION = 1;
				GENERATE_INFOPLIST_FILE = YES;
				MARKETING_VERSION = 1.0;
				PRODUCT_BUNDLE_IDENTIFIER = applaudo.BallDontLieUITests;
				PRODUCT_NAME = "$(TARGET_NAME)";
				SWIFT_EMIT_LOC_STRINGS = NO;
				SWIFT_VERSION = 5.0;
				TARGETED_DEVICE_FAMILY = "1,2";
				TEST_TARGET_NAME = BallDontLie;
			};
			name = Release;
		};
/* End XCBuildConfiguration section */

/* Begin XCConfigurationList section */
		C037D72427C68149005D0312 /* Build configuration list for PBXProject "BallDontLie" */ = {
			isa = XCConfigurationList;
			buildConfigurations = (
				C037D75127C6814D005D0312 /* Debug */,
				C037D75227C6814D005D0312 /* Release */,
			);
			defaultConfigurationIsVisible = 0;
			defaultConfigurationName = Release;
		};
		C037D75327C6814D005D0312 /* Build configuration list for PBXNativeTarget "BallDontLie" */ = {
			isa = XCConfigurationList;
			buildConfigurations = (
				C037D75427C6814D005D0312 /* Debug */,
				C037D75527C6814D005D0312 /* Release */,
			);
			defaultConfigurationIsVisible = 0;
			defaultConfigurationName = Release;
		};
		C037D75627C6814D005D0312 /* Build configuration list for PBXNativeTarget "BallDontLieTests" */ = {
			isa = XCConfigurationList;
			buildConfigurations = (
				C037D75727C6814D005D0312 /* Debug */,
				C037D75827C6814D005D0312 /* Release */,
			);
			defaultConfigurationIsVisible = 0;
			defaultConfigurationName = Release;
		};
		C037D75927C6814D005D0312 /* Build configuration list for PBXNativeTarget "BallDontLieUITests" */ = {
			isa = XCConfigurationList;
			buildConfigurations = (
				C037D75A27C6814D005D0312 /* Debug */,
				C037D75B27C6814D005D0312 /* Release */,
			);
			defaultConfigurationIsVisible = 0;
			defaultConfigurationName = Release;
		};
/* End XCConfigurationList section */
	};
	rootObject = C037D72127C68149005D0312 /* Project object */;
}
